// !$*UTF8*$!
{
	archiveVersion = 1;
	classes = {
	};
	objectVersion = 56;
	objects = {

/* Begin PBXBuildFile section */
		B314498C29B2899D00AC914F /* MovieViewController.swift in Sources */ = {isa = PBXBuildFile; fileRef = B314498B29B2899D00AC914F /* MovieViewController.swift */; };
		B314498F29B28B7700AC914F /* Main.storyboard in Resources */ = {isa = PBXBuildFile; fileRef = B314499129B28B7700AC914F /* Main.storyboard */; };
		B314499529B2983B00AC914F /* MovieCell.swift in Sources */ = {isa = PBXBuildFile; fileRef = B314499429B2983B00AC914F /* MovieCell.swift */; };
		B382F8B329AED49400C210DE /* AppDelegate.swift in Sources */ = {isa = PBXBuildFile; fileRef = B382F8B229AED49400C210DE /* AppDelegate.swift */; };
		B382F8B529AED49400C210DE /* SceneDelegate.swift in Sources */ = {isa = PBXBuildFile; fileRef = B382F8B429AED49400C210DE /* SceneDelegate.swift */; };
		B382F8BC29AED49500C210DE /* Assets.xcassets in Resources */ = {isa = PBXBuildFile; fileRef = B382F8BB29AED49500C210DE /* Assets.xcassets */; };
		B382F8BF29AED49500C210DE /* LaunchScreen.storyboard in Resources */ = {isa = PBXBuildFile; fileRef = B382F8BD29AED49500C210DE /* LaunchScreen.storyboard */; };
		B382F8C829B18BB000C210DE /* Nuke in Frameworks */ = {isa = PBXBuildFile; productRef = B382F8C729B18BB000C210DE /* Nuke */; };
		B382F8CB29B195B300C210DE /* Movies.swift in Sources */ = {isa = PBXBuildFile; fileRef = B382F8CA29B195B300C210DE /* Movies.swift */; };
/* End PBXBuildFile section */

/* Begin PBXFileReference section */
		B314498B29B2899D00AC914F /* MovieViewController.swift */ = {isa = PBXFileReference; lastKnownFileType = sourcecode.swift; path = MovieViewController.swift; sourceTree = "<group>"; };
		B314499029B28B7700AC914F /* Base */ = {isa = PBXFileReference; lastKnownFileType = file.storyboard; name = Base; path = Base.lproj/Main.storyboard; sourceTree = "<group>"; };
		B314499429B2983B00AC914F /* MovieCell.swift */ = {isa = PBXFileReference; lastKnownFileType = sourcecode.swift; path = MovieCell.swift; sourceTree = "<group>"; };
		B382F8AF29AED49400C210DE /* Flixster Pt. 1.app */ = {isa = PBXFileReference; explicitFileType = wrapper.application; includeInIndex = 0; path = "Flixster Pt. 1.app"; sourceTree = BUILT_PRODUCTS_DIR; };
		B382F8B229AED49400C210DE /* AppDelegate.swift */ = {isa = PBXFileReference; lastKnownFileType = sourcecode.swift; path = AppDelegate.swift; sourceTree = "<group>"; };
		B382F8B429AED49400C210DE /* SceneDelegate.swift */ = {isa = PBXFileReference; lastKnownFileType = sourcecode.swift; path = SceneDelegate.swift; sourceTree = "<group>"; };
		B382F8BB29AED49500C210DE /* Assets.xcassets */ = {isa = PBXFileReference; lastKnownFileType = folder.assetcatalog; path = Assets.xcassets; sourceTree = "<group>"; };
		B382F8BE29AED49500C210DE /* Base */ = {isa = PBXFileReference; lastKnownFileType = file.storyboard; name = Base; path = Base.lproj/LaunchScreen.storyboard; sourceTree = "<group>"; };
		B382F8C029AED49500C210DE /* Info.plist */ = {isa = PBXFileReference; lastKnownFileType = text.plist.xml; path = Info.plist; sourceTree = "<group>"; };
		B382F8CA29B195B300C210DE /* Movies.swift */ = {isa = PBXFileReference; lastKnownFileType = sourcecode.swift; path = Movies.swift; sourceTree = "<group>"; };
/* End PBXFileReference section */

/* Begin PBXFrameworksBuildPhase section */
		B382F8AC29AED49400C210DE /* Frameworks */ = {
			isa = PBXFrameworksBuildPhase;
			buildActionMask = 2147483647;
			files = (
				B382F8C829B18BB000C210DE /* Nuke in Frameworks */,
			);
			runOnlyForDeploymentPostprocessing = 0;
		};
/* End PBXFrameworksBuildPhase section */

/* Begin PBXGroup section */
		B382F8A629AED49300C210DE = {
			isa = PBXGroup;
			children = (
				B382F8B129AED49400C210DE /* Flixster Pt. 1 */,
				B382F8B029AED49400C210DE /* Products */,
			);
			sourceTree = "<group>";
		};
		B382F8B029AED49400C210DE /* Products */ = {
			isa = PBXGroup;
			children = (
				B382F8AF29AED49400C210DE /* Flixster Pt. 1.app */,
			);
			name = Products;
			sourceTree = "<group>";
		};
		B382F8B129AED49400C210DE /* Flixster Pt. 1 */ = {
			isa = PBXGroup;
			children = (
				B382F8B229AED49400C210DE /* AppDelegate.swift */,
				B382F8BB29AED49500C210DE /* Assets.xcassets */,
				B382F8C029AED49500C210DE /* Info.plist */,
				B382F8BD29AED49500C210DE /* LaunchScreen.storyboard */,
				B314499129B28B7700AC914F /* Main.storyboard */,
				B382F8C929B195A000C210DE /* Models */,
				B314498B29B2899D00AC914F /* MovieViewController.swift */,
				B382F8B429AED49400C210DE /* SceneDelegate.swift */,
				B314499429B2983B00AC914F /* MovieCell.swift */,
			);
			path = "Flixster Pt. 1";
			sourceTree = "<group>";
		};
		B382F8C929B195A000C210DE /* Models */ = {
			isa = PBXGroup;
			children = (
				B382F8CA29B195B300C210DE /* Movies.swift */,
			);
			path = Models;
			sourceTree = "<group>";
		};
/* End PBXGroup section */

/* Begin PBXNativeTarget section */
		B382F8AE29AED49400C210DE /* Flixster Pt. 1 */ = {
			isa = PBXNativeTarget;
			buildConfigurationList = B382F8C329AED49500C210DE /* Build configuration list for PBXNativeTarget "Flixster Pt. 1" */;
			buildPhases = (
				B382F8AB29AED49400C210DE /* Sources */,
				B382F8AC29AED49400C210DE /* Frameworks */,
				B382F8AD29AED49400C210DE /* Resources */,
			);
			buildRules = (
			);
			dependencies = (
			);
			name = "Flixster Pt. 1";
			packageProductDependencies = (
				B382F8C729B18BB000C210DE /* Nuke */,
			);
			productName = "Flixster Pt. 1";
			productReference = B382F8AF29AED49400C210DE /* Flixster Pt. 1.app */;
			productType = "com.apple.product-type.application";
		};
/* End PBXNativeTarget section */

/* Begin PBXProject section */
		B382F8A729AED49300C210DE /* Project object */ = {
			isa = PBXProject;
			attributes = {
				BuildIndependentTargetsInParallel = 1;
				LastSwiftUpdateCheck = 1420;
				LastUpgradeCheck = 1420;
				TargetAttributes = {
					B382F8AE29AED49400C210DE = {
						CreatedOnToolsVersion = 14.2;
					};
				};
			};
			buildConfigurationList = B382F8AA29AED49300C210DE /* Build configuration list for PBXProject "Flixster Pt. 1" */;
			compatibilityVersion = "Xcode 14.0";
			developmentRegion = en;
			hasScannedForEncodings = 0;
			knownRegions = (
				en,
				Base,
			);
			mainGroup = B382F8A629AED49300C210DE;
			packageReferences = (
				B382F8C629B18BB000C210DE /* XCRemoteSwiftPackageReference "Nuke" */,
			);
			productRefGroup = B382F8B029AED49400C210DE /* Products */;
			projectDirPath = "";
			projectRoot = "";
			targets = (
				B382F8AE29AED49400C210DE /* Flixster Pt. 1 */,
			);
		};
/* End PBXProject section */

/* Begin PBXResourcesBuildPhase section */
		B382F8AD29AED49400C210DE /* Resources */ = {
			isa = PBXResourcesBuildPhase;
			buildActionMask = 2147483647;
			files = (
				B314498F29B28B7700AC914F /* Main.storyboard in Resources */,
				B382F8BF29AED49500C210DE /* LaunchScreen.storyboard in Resources */,
				B382F8BC29AED49500C210DE /* Assets.xcassets in Resources */,
			);
			runOnlyForDeploymentPostprocessing = 0;
		};
/* End PBXResourcesBuildPhase section */

/* Begin PBXSourcesBuildPhase section */
		B382F8AB29AED49400C210DE /* Sources */ = {
			isa = PBXSourcesBuildPhase;
			buildActionMask = 2147483647;
			files = (
				B382F8B329AED49400C210DE /* AppDelegate.swift in Sources */,
				B382F8CB29B195B300C210DE /* Movies.swift in Sources */,
				B382F8B529AED49400C210DE /* SceneDelegate.swift in Sources */,
				B314499529B2983B00AC914F /* MovieCell.swift in Sources */,
				B314498C29B2899D00AC914F /* MovieViewController.swift in Sources */,
			);
			runOnlyForDeploymentPostprocessing = 0;
		};
/* End PBXSourcesBuildPhase section */

/* Begin PBXVariantGroup section */
		B314499129B28B7700AC914F /* Main.storyboard */ = {
			isa = PBXVariantGroup;
			children = (
				B314499029B28B7700AC914F /* Base */,
			);
			name = Main.storyboard;
			sourceTree = "<group>";
		};
		B382F8BD29AED49500C210DE /* LaunchScreen.storyboard */ = {
			isa = PBXVariantGroup;
			children = (
				B382F8BE29AED49500C210DE /* Base */,
			);
			name = LaunchScreen.storyboard;
			sourceTree = "<group>";
		};
/* End PBXVariantGroup section */

/* Begin XCBuildConfiguration section */
		B382F8C129AED49500C210DE /* Debug */ = {
			isa = XCBuildConfiguration;
			buildSettings = {
				ALWAYS_SEARCH_USER_PATHS = NO;
				CLANG_ANALYZER_NONNULL = YES;
				CLANG_ANALYZER_NUMBER_OBJECT_CONVERSION = YES_AGGRESSIVE;
				CLANG_CXX_LANGUAGE_STANDARD = "gnu++20";
				CLANG_ENABLE_MODULES = YES;
				CLANG_ENABLE_OBJC_ARC = YES;
				CLANG_ENABLE_OBJC_WEAK = YES;
				CLANG_WARN_BLOCK_CAPTURE_AUTORELEASING = YES;
				CLANG_WARN_BOOL_CONVERSION = YES;
				CLANG_WARN_COMMA = YES;
				CLANG_WARN_CONSTANT_CONVERSION = YES;
				CLANG_WARN_DEPRECATED_OBJC_IMPLEMENTATIONS = YES;
				CLANG_WARN_DIRECT_OBJC_ISA_USAGE = YES_ERROR;
				CLANG_WARN_DOCUMENTATION_COMMENTS = YES;
				CLANG_WARN_EMPTY_BODY = YES;
				CLANG_WARN_ENUM_CONVERSION = YES;
				CLANG_WARN_INFINITE_RECURSION = YES;
				CLANG_WARN_INT_CONVERSION = YES;
				CLANG_WARN_NON_LITERAL_NULL_CONVERSION = YES;
				CLANG_WARN_OBJC_IMPLICIT_RETAIN_SELF = YES;
				CLANG_WARN_OBJC_LITERAL_CONVERSION = YES;
				CLANG_WARN_OBJC_ROOT_CLASS = YES_ERROR;
				CLANG_WARN_QUOTED_INCLUDE_IN_FRAMEWORK_HEADER = YES;
				CLANG_WARN_RANGE_LOOP_ANALYSIS = YES;
				CLANG_WARN_STRICT_PROTOTYPES = YES;
				CLANG_WARN_SUSPICIOUS_MOVE = YES;
				CLANG_WARN_UNGUARDED_AVAILABILITY = YES_AGGRESSIVE;
				CLANG_WARN_UNREACHABLE_CODE = YES;
				CLANG_WARN__DUPLICATE_METHOD_MATCH = YES;
				COPY_PHASE_STRIP = NO;
				DEBUG_INFORMATION_FORMAT = dwarf;
				ENABLE_STRICT_OBJC_MSGSEND = YES;
				ENABLE_TESTABILITY = YES;
				GCC_C_LANGUAGE_STANDARD = gnu11;
				GCC_DYNAMIC_NO_PIC = NO;
				GCC_NO_COMMON_BLOCKS = YES;
				GCC_OPTIMIZATION_LEVEL = 0;
				GCC_PREPROCESSOR_DEFINITIONS = (
					"DEBUG=1",
					"$(inherited)",
				);
				GCC_WARN_64_TO_32_BIT_CONVERSION = YES;
				GCC_WARN_ABOUT_RETURN_TYPE = YES_ERROR;
				GCC_WARN_UNDECLARED_SELECTOR = YES;
				GCC_WARN_UNINITIALIZED_AUTOS = YES_AGGRESSIVE;
				GCC_WARN_UNUSED_FUNCTION = YES;
				GCC_WARN_UNUSED_VARIABLE = YES;
				IPHONEOS_DEPLOYMENT_TARGET = 16.2;
				MTL_ENABLE_DEBUG_INFO = INCLUDE_SOURCE;
				MTL_FAST_MATH = YES;
				ONLY_ACTIVE_ARCH = YES;
				SDKROOT = iphoneos;
				SWIFT_ACTIVE_COMPILATION_CONDITIONS = DEBUG;
				SWIFT_OPTIMIZATION_LEVEL = "-Onone";
			};
			name = Debug;
		};
		B382F8C229AED49500C210DE /* Release */ = {
			isa = XCBuildConfiguration;
			buildSettings = {
				ALWAYS_SEARCH_USER_PATHS = NO;
				CLANG_ANALYZER_NONNULL = YES;
				CLANG_ANALYZER_NUMBER_OBJECT_CONVERSION = YES_AGGRESSIVE;
				CLANG_CXX_LANGUAGE_STANDARD = "gnu++20";
				CLANG_ENABLE_MODULES = YES;
				CLANG_ENABLE_OBJC_ARC = YES;
				CLANG_ENABLE_OBJC_WEAK = YES;
				CLANG_WARN_BLOCK_CAPTURE_AUTORELEASING = YES;
				CLANG_WARN_BOOL_CONVERSION = YES;
				CLANG_WARN_COMMA = YES;
				CLANG_WARN_CONSTANT_CONVERSION = YES;
				CLANG_WARN_DEPRECATED_OBJC_IMPLEMENTATIONS = YES;
				CLANG_WARN_DIRECT_OBJC_ISA_USAGE = YES_ERROR;
				CLANG_WARN_DOCUMENTATION_COMMENTS = YES;
				CLANG_WARN_EMPTY_BODY = YES;
				CLANG_WARN_ENUM_CONVERSION = YES;
				CLANG_WARN_INFINITE_RECURSION = YES;
				CLANG_WARN_INT_CONVERSION = YES;
				CLANG_WARN_NON_LITERAL_NULL_CONVERSION = YES;
				CLANG_WARN_OBJC_IMPLICIT_RETAIN_SELF = YES;
				CLANG_WARN_OBJC_LITERAL_CONVERSION = YES;
				CLANG_WARN_OBJC_ROOT_CLASS = YES_ERROR;
				CLANG_WARN_QUOTED_INCLUDE_IN_FRAMEWORK_HEADER = YES;
				CLANG_WARN_RANGE_LOOP_ANALYSIS = YES;
				CLANG_WARN_STRICT_PROTOTYPES = YES;
				CLANG_WARN_SUSPICIOUS_MOVE = YES;
				CLANG_WARN_UNGUARDED_AVAILABILITY = YES_AGGRESSIVE;
				CLANG_WARN_UNREACHABLE_CODE = YES;
				CLANG_WARN__DUPLICATE_METHOD_MATCH = YES;
				COPY_PHASE_STRIP = NO;
				DEBUG_INFORMATION_FORMAT = "dwarf-with-dsym";
				ENABLE_NS_ASSERTIONS = NO;
				ENABLE_STRICT_OBJC_MSGSEND = YES;
				GCC_C_LANGUAGE_STANDARD = gnu11;
				GCC_NO_COMMON_BLOCKS = YES;
				GCC_WARN_64_TO_32_BIT_CONVERSION = YES;
				GCC_WARN_ABOUT_RETURN_TYPE = YES_ERROR;
				GCC_WARN_UNDECLARED_SELECTOR = YES;
				GCC_WARN_UNINITIALIZED_AUTOS = YES_AGGRESSIVE;
				GCC_WARN_UNUSED_FUNCTION = YES;
				GCC_WARN_UNUSED_VARIABLE = YES;
				IPHONEOS_DEPLOYMENT_TARGET = 16.2;
				MTL_ENABLE_DEBUG_INFO = NO;
				MTL_FAST_MATH = YES;
				SDKROOT = iphoneos;
				SWIFT_COMPILATION_MODE = wholemodule;
				SWIFT_OPTIMIZATION_LEVEL = "-O";
				VALIDATE_PRODUCT = YES;
			};
			name = Release;
		};
		B382F8C429AED49500C210DE /* Debug */ = {
			isa = XCBuildConfiguration;
			buildSettings = {
				ASSETCATALOG_COMPILER_APPICON_NAME = AppIcon;
				ASSETCATALOG_COMPILER_GLOBAL_ACCENT_COLOR_NAME = AccentColor;
				CODE_SIGN_STYLE = Automatic;
				CURRENT_PROJECT_VERSION = 1;
				DEVELOPMENT_TEAM = XFG5L8LD8A;
				GENERATE_INFOPLIST_FILE = YES;
				INFOPLIST_FILE = "Flixster Pt. 1/Info.plist";
				INFOPLIST_KEY_UIApplicationSupportsIndirectInputEvents = YES;
				INFOPLIST_KEY_UILaunchStoryboardName = LaunchScreen;
				INFOPLIST_KEY_UIMainStoryboardFile = Main;
				INFOPLIST_KEY_UISupportedInterfaceOrientations_iPad = "UIInterfaceOrientationPortrait UIInterfaceOrientationPortraitUpsideDown UIInterfaceOrientationLandscapeLeft UIInterfaceOrientationLandscapeRight";
				INFOPLIST_KEY_UISupportedInterfaceOrientations_iPhone = "UIInterfaceOrientationPortrait UIInterfaceOrientationLandscapeLeft UIInterfaceOrientationLandscapeRight";
				LD_RUNPATH_SEARCH_PATHS = (
					"$(inherited)",
					"@executable_path/Frameworks",
				);
				MARKETING_VERSION = 1.0;
				PRODUCT_BUNDLE_IDENTIFIER = "matic.Flixster-Pt--1";
				PRODUCT_NAME = "$(TARGET_NAME)";
				SWIFT_EMIT_LOC_STRINGS = YES;
				SWIFT_VERSION = 5.0;
				TARGETED_DEVICE_FAMILY = "1,2";
			};
			name = Debug;
		};
		B382F8C529AED49500C210DE /* Release */ = {
			isa = XCBuildConfiguration;
			buildSettings = {
				ASSETCATALOG_COMPILER_APPICON_NAME = AppIcon;
				ASSETCATALOG_COMPILER_GLOBAL_ACCENT_COLOR_NAME = AccentColor;
				CODE_SIGN_STYLE = Automatic;
				CURRENT_PROJECT_VERSION = 1;
				DEVELOPMENT_TEAM = XFG5L8LD8A;
				GENERATE_INFOPLIST_FILE = YES;
				INFOPLIST_FILE = "Flixster Pt. 1/Info.plist";
				INFOPLIST_KEY_UIApplicationSupportsIndirectInputEvents = YES;
				INFOPLIST_KEY_UILaunchStoryboardName = LaunchScreen;
				INFOPLIST_KEY_UIMainStoryboardFile = Main;
				INFOPLIST_KEY_UISupportedInterfaceOrientations_iPad = "UIInterfaceOrientationPortrait UIInterfaceOrientationPortraitUpsideDown UIInterfaceOrientationLandscapeLeft UIInterfaceOrientationLandscapeRight";
				INFOPLIST_KEY_UISupportedInterfaceOrientations_iPhone = "UIInterfaceOrientationPortrait UIInterfaceOrientationLandscapeLeft UIInterfaceOrientationLandscapeRight";
				LD_RUNPATH_SEARCH_PATHS = (
					"$(inherited)",
					"@executable_path/Frameworks",
				);
				MARKETING_VERSION = 1.0;
				PRODUCT_BUNDLE_IDENTIFIER = "matic.Flixster-Pt--1";
				PRODUCT_NAME = "$(TARGET_NAME)";
				SWIFT_EMIT_LOC_STRINGS = YES;
				SWIFT_VERSION = 5.0;
				TARGETED_DEVICE_FAMILY = "1,2";
			};
			name = Release;
		};
/* End XCBuildConfiguration section */

/* Begin XCConfigurationList section */
		B382F8AA29AED49300C210DE /* Build configuration list for PBXProject "Flixster Pt. 1" */ = {
			isa = XCConfigurationList;
			buildConfigurations = (
				B382F8C129AED49500C210DE /* Debug */,
				B382F8C229AED49500C210DE /* Release */,
			);
			defaultConfigurationIsVisible = 0;
			defaultConfigurationName = Release;
		};
		B382F8C329AED49500C210DE /* Build configuration list for PBXNativeTarget "Flixster Pt. 1" */ = {
			isa = XCConfigurationList;
			buildConfigurations = (
				B382F8C429AED49500C210DE /* Debug */,
				B382F8C529AED49500C210DE /* Release */,
			);
			defaultConfigurationIsVisible = 0;
			defaultConfigurationName = Release;
		};
/* End XCConfigurationList section */

/* Begin XCRemoteSwiftPackageReference section */
		B382F8C629B18BB000C210DE /* XCRemoteSwiftPackageReference "Nuke" */ = {
			isa = XCRemoteSwiftPackageReference;
			repositoryURL = "https://github.com/kean/Nuke.git";
			requirement = {
				kind = upToNextMajorVersion;
				minimumVersion = 9.0.0;
			};
		};
/* End XCRemoteSwiftPackageReference section */

/* Begin XCSwiftPackageProductDependency section */
		B382F8C729B18BB000C210DE /* Nuke */ = {
			isa = XCSwiftPackageProductDependency;
			package = B382F8C629B18BB000C210DE /* XCRemoteSwiftPackageReference "Nuke" */;
			productName = Nuke;
		};
/* End XCSwiftPackageProductDependency section */
	};
	rootObject = B382F8A729AED49300C210DE /* Project object */;
}
